// !$*UTF8*$!
{
	archiveVersion = 1;
	classes = {
	};
	objectVersion = 46;
	objects = {

/* Begin PBXBuildFile section */
		BA2076DF1E86815200873575 /* AppDelegate.swift in Sources */ = {isa = PBXBuildFile; fileRef = BA2076DE1E86815200873575 /* AppDelegate.swift */; };
		BA2076E11E86815200873575 /* ViewController.swift in Sources */ = {isa = PBXBuildFile; fileRef = BA2076E01E86815200873575 /* ViewController.swift */; };
		BA2076E41E86815200873575 /* Main.storyboard in Resources */ = {isa = PBXBuildFile; fileRef = BA2076E21E86815200873575 /* Main.storyboard */; };
		BA2076E61E86815200873575 /* Assets.xcassets in Resources */ = {isa = PBXBuildFile; fileRef = BA2076E51E86815200873575 /* Assets.xcassets */; };
		BA2076E91E86815200873575 /* LaunchScreen.storyboard in Resources */ = {isa = PBXBuildFile; fileRef = BA2076E71E86815200873575 /* LaunchScreen.storyboard */; };
		BA2076F11E86ACB100873575 /* SpringListTableViewController.swift in Sources */ = {isa = PBXBuildFile; fileRef = BA2076F01E86ACB100873575 /* SpringListTableViewController.swift */; };
/* End PBXBuildFile section */

/* Begin PBXFileReference section */
		BA2076DB1E86815200873575 /* 期末.app */ = {isa = PBXFileReference; explicitFileType = wrapper.application; includeInIndex = 0; path = "期末.app"; sourceTree = BUILT_PRODUCTS_DIR; };
		BA2076DE1E86815200873575 /* AppDelegate.swift */ = {isa = PBXFileReference; lastKnownFileType = sourcecode.swift; path = AppDelegate.swift; sourceTree = "<group>"; };
		BA2076E01E86815200873575 /* ViewController.swift */ = {isa = PBXFileReference; lastKnownFileType = sourcecode.swift; path = ViewController.swift; sourceTree = "<group>"; };
		BA2076E31E86815200873575 /* Base */ = {isa = PBXFileReference; lastKnownFileType = file.storyboard; name = Base; path = Base.lproj/Main.storyboard; sourceTree = "<group>"; };
		BA2076E51E86815200873575 /* Assets.xcassets */ = {isa = PBXFileReference; lastKnownFileType = folder.assetcatalog; path = Assets.xcassets; sourceTree = "<group>"; };
		BA2076E81E86815200873575 /* Base */ = {isa = PBXFileReference; lastKnownFileType = file.storyboard; name = Base; path = Base.lproj/LaunchScreen.storyboard; sourceTree = "<group>"; };
		BA2076EA1E86815200873575 /* Info.plist */ = {isa = PBXFileReference; lastKnownFileType = text.plist.xml; path = Info.plist; sourceTree = "<group>"; };
		BA2076F01E86ACB100873575 /* SpringListTableViewController.swift */ = {isa = PBXFileReference; fileEncoding = 4; lastKnownFileType = sourcecode.swift; path = SpringListTableViewController.swift; sourceTree = "<group>"; };
/* End PBXFileReference section */

/* Begin PBXFrameworksBuildPhase section */
		BA2076D81E86815200873575 /* Frameworks */ = {
			isa = PBXFrameworksBuildPhase;
			buildActionMask = 2147483647;
			files = (
			);
			runOnlyForDeploymentPostprocessing = 0;
		};
/* End PBXFrameworksBuildPhase section */

/* Begin PBXGroup section */
		BA2076D21E86815200873575 = {
			isa = PBXGroup;
			children = (
				BA2076DD1E86815200873575 /* 期末 */,
				BA2076DC1E86815200873575 /* Products */,
			);
			sourceTree = "<group>";
		};
		BA2076DC1E86815200873575 /* Products */ = {
			isa = PBXGroup;
			children = (
				BA2076DB1E86815200873575 /* 期末.app */,
			);
			name = Products;
			sourceTree = "<group>";
		};
		BA2076DD1E86815200873575 /* 期末 */ = {
			isa = PBXGroup;
			children = (
				BA2076DE1E86815200873575 /* AppDelegate.swift */,
				BA2076E01E86815200873575 /* ViewController.swift */,
				BA2076E21E86815200873575 /* Main.storyboard */,
				BA2076F01E86ACB100873575 /* SpringListTableViewController.swift */,
				BA2076E51E86815200873575 /* Assets.xcassets */,
				BA2076E71E86815200873575 /* LaunchScreen.storyboard */,
				BA2076EA1E86815200873575 /* Info.plist */,
			);
			path = "期末";
			sourceTree = "<group>";
		};
/* End PBXGroup section */

/* Begin PBXNativeTarget section */
		BA2076DA1E86815200873575 /* 期末 */ = {
			isa = PBXNativeTarget;
			buildConfigurationList = BA2076ED1E86815200873575 /* Build configuration list for PBXNativeTarget "期末" */;
			buildPhases = (
				BA2076D71E86815200873575 /* Sources */,
				BA2076D81E86815200873575 /* Frameworks */,
				BA2076D91E86815200873575 /* Resources */,
			);
			buildRules = (
			);
			dependencies = (
			);
			name = "期末";
			productName = "期末";
			productReference = BA2076DB1E86815200873575 /* 期末.app */;
			productType = "com.apple.product-type.application";
		};
/* End PBXNativeTarget section */

/* Begin PBXProject section */
		BA2076D31E86815200873575 /* Project object */ = {
			isa = PBXProject;
			attributes = {
				LastSwiftUpdateCheck = 0820;
				LastUpgradeCheck = 0820;
				ORGANIZATIONNAME = "Huang Pi-Ling";
				TargetAttributes = {
					BA2076DA1E86815200873575 = {
						CreatedOnToolsVersion = 8.2.1;
						DevelopmentTeam = 2RXHT8YN59;
						ProvisioningStyle = Automatic;
					};
				};
			};
			buildConfigurationList = BA2076D61E86815200873575 /* Build configuration list for PBXProject "期末" */;
			compatibilityVersion = "Xcode 3.2";
			developmentRegion = English;
			hasScannedForEncodings = 0;
			knownRegions = (
				en,
				Base,
			);
			mainGroup = BA2076D21E86815200873575;
			productRefGroup = BA2076DC1E86815200873575 /* Products */;
			projectDirPath = "";
			projectRoot = "";
			targets = (
				BA2076DA1E86815200873575 /* 期末 */,
			);
		};
/* End PBXProject section */

/* Begin PBXResourcesBuildPhase section */
		BA2076D91E86815200873575 /* Resources */ = {
			isa = PBXResourcesBuildPhase;
			buildActionMask = 2147483647;
			files = (
				BA2076E91E86815200873575 /* LaunchScreen.storyboard in Resources */,
				BA2076E61E86815200873575 /* Assets.xcassets in Resources */,
				BA2076E41E86815200873575 /* Main.storyboard in Resources */,
			);
			runOnlyForDeploymentPostprocessing = 0;
		};
/* End PBXResourcesBuildPhase section */

/* Begin PBXSourcesBuildPhase section */
		BA2076D71E86815200873575 /* Sources */ = {
			isa = PBXSourcesBuildPhase;
			buildActionMask = 2147483647;
			files = (
				BA2076E11E86815200873575 /* ViewController.swift in Sources */,
				BA2076DF1E86815200873575 /* AppDelegate.swift in Sources */,
				BA2076F11E86ACB100873575 /* SpringListTableViewController.swift in Sources */,
			);
			runOnlyForDeploymentPostprocessing = 0;
		};
/* End PBXSourcesBuildPhase section */

/* Begin PBXVariantGroup section */
		BA2076E21E86815200873575 /* Main.storyboard */ = {
			isa = PBXVariantGroup;
			children = (
				BA2076E31E86815200873575 /* Base */,
			);
			name = Main.storyboard;
			sourceTree = "<group>";
		};
		BA2076E71E86815200873575 /* LaunchScreen.storyboard */ = {
			isa = PBXVariantGroup;
			children = (
				BA2076E81E86815200873575 /* Base */,
			);
			name = LaunchScreen.storyboard;
			sourceTree = "<group>";
		};
/* End PBXVariantGroup section */

/* Begin XCBuildConfiguration section */
		BA2076EB1E86815200873575 /* Debug */ = {
			isa = XCBuildConfiguration;
			buildSettings = {
				ALWAYS_SEARCH_USER_PATHS = NO;
				CLANG_ANALYZER_NONNULL = YES;
				CLANG_CXX_LANGUAGE_STANDARD = "gnu++0x";
				CLANG_CXX_LIBRARY = "libc++";
				CLANG_ENABLE_MODULES = YES;
				CLANG_ENABLE_OBJC_ARC = YES;
				CLANG_WARN_BOOL_CONVERSION = YES;
				CLANG_WARN_CONSTANT_CONVERSION = YES;
				CLANG_WARN_DIRECT_OBJC_ISA_USAGE = YES_ERROR;
				CLANG_WARN_DOCUMENTATION_COMMENTS = YES;
				CLANG_WARN_EMPTY_BODY = YES;
				CLANG_WARN_ENUM_CONVERSION = YES;
				CLANG_WARN_INFINITE_RECURSION = YES;
				CLANG_WARN_INT_CONVERSION = YES;
				CLANG_WARN_OBJC_ROOT_CLASS = YES_ERROR;
				CLANG_WARN_SUSPICIOUS_MOVE = YES;
				CLANG_WARN_UNREACHABLE_CODE = YES;
				CLANG_WARN__DUPLICATE_METHOD_MATCH = YES;
				"CODE_SIGN_IDENTITY[sdk=iphoneos*]" = "iPhone Developer";
				COPY_PHASE_STRIP = NO;
				DEBUG_INFORMATION_FORMAT = dwarf;
				ENABLE_STRICT_OBJC_MSGSEND = YES;
				ENABLE_TESTABILITY = YES;
				GCC_C_LANGUAGE_STANDARD = gnu99;
				GCC_DYNAMIC_NO_PIC = NO;
				GCC_NO_COMMON_BLOCKS = YES;
				GCC_OPTIMIZATION_LEVEL = 0;
				GCC_PREPROCESSOR_DEFINITIONS = (
					"DEBUG=1",
					"$(inherited)",
				);
				GCC_WARN_64_TO_32_BIT_CONVERSION = YES;
				GCC_WARN_ABOUT_RETURN_TYPE = YES_ERROR;
				GCC_WARN_UNDECLARED_SELECTOR = YES;
				GCC_WARN_UNINITIALIZED_AUTOS = YES_AGGRESSIVE;
				GCC_WARN_UNUSED_FUNCTION = YES;
				GCC_WARN_UNUSED_VARIABLE = YES;
				IPHONEOS_DEPLOYMENT_TARGET = 10.2;
				MTL_ENABLE_DEBUG_INFO = YES;
				ONLY_ACTIVE_ARCH = YES;
				SDKROOT = iphoneos;
				SWIFT_ACTIVE_COMPILATION_CONDITIONS = DEBUG;
				SWIFT_OPTIMIZATION_LEVEL = "-Onone";
			};
			name = Debug;
		};
		BA2076EC1E86815200873575 /* Release */ = {
			isa = XCBuildConfiguration;
			buildSettings = {
				ALWAYS_SEARCH_USER_PATHS = NO;
				CLANG_ANALYZER_NONNULL = YES;
				CLANG_CXX_LANGUAGE_STANDARD = "gnu++0x";
				CLANG_CXX_LIBRARY = "libc++";
				CLANG_ENABLE_MODULES = YES;
				CLANG_ENABLE_OBJC_ARC = YES;
				CLANG_WARN_BOOL_CONVERSION = YES;
				CLANG_WARN_CONSTANT_CONVERSION = YES;
				CLANG_WARN_DIRECT_OBJC_ISA_USAGE = YES_ERROR;
				CLANG_WARN_DOCUMENTATION_COMMENTS = YES;
				CLANG_WARN_EMPTY_BODY = YES;
				CLANG_WARN_ENUM_CONVERSION = YES;
				CLANG_WARN_INFINITE_RECURSION = YES;
				CLANG_WARN_INT_CONVERSION = YES;
				CLANG_WARN_OBJC_ROOT_CLASS = YES_ERROR;
				CLANG_WARN_SUSPICIOUS_MOVE = YES;
				CLANG_WARN_UNREACHABLE_CODE = YES;
				CLANG_WARN__DUPLICATE_METHOD_MATCH = YES;
				"CODE_SIGN_IDENTITY[sdk=iphoneos*]" = "iPhone Developer";
				COPY_PHASE_STRIP = NO;
				DEBUG_INFORMATION_FORMAT = "dwarf-with-dsym";
				ENABLE_NS_ASSERTIONS = NO;
				ENABLE_STRICT_OBJC_MSGSEND = YES;
				GCC_C_LANGUAGE_STANDARD = gnu99;
				GCC_NO_COMMON_BLOCKS = YES;
				GCC_WARN_64_TO_32_BIT_CONVERSION = YES;
				GCC_WARN_ABOUT_RETURN_TYPE = YES_ERROR;
				GCC_WARN_UNDECLARED_SELECTOR = YES;
				GCC_WARN_UNINITIALIZED_AUTOS = YES_AGGRESSIVE;
				GCC_WARN_UNUSED_FUNCTION = YES;
				GCC_WARN_UNUSED_VARIABLE = YES;
				IPHONEOS_DEPLOYMENT_TARGET = 10.2;
				MTL_ENABLE_DEBUG_INFO = NO;
				SDKROOT = iphoneos;
				SWIFT_OPTIMIZATION_LEVEL = "-Owholemodule";
				VALIDATE_PRODUCT = YES;
			};
			name = Release;
		};
		BA2076EE1E86815200873575 /* Debug */ = {
			isa = XCBuildConfiguration;
			buildSettings = {
				ASSETCATALOG_COMPILER_APPICON_NAME = AppIcon;
				DEVELOPMENT_TEAM = 2RXHT8YN59;
				INFOPLIST_FILE = "期末/Info.plist";
				LD_RUNPATH_SEARCH_PATHS = "$(inherited) @executable_path/Frameworks";
				PRODUCT_BUNDLE_IDENTIFIER = "Huang-Pi-Ling.--";
				PRODUCT_NAME = "$(TARGET_NAME)";
				SWIFT_VERSION = 3.0;
			};
			name = Debug;
		};
		BA2076EF1E86815200873575 /* Release */ = {
			isa = XCBuildConfiguration;
			buildSettings = {
				ASSETCATALOG_COMPILER_APPICON_NAME = AppIcon;
				DEVELOPMENT_TEAM = 2RXHT8YN59;
				INFOPLIST_FILE = "期末/Info.plist";
				LD_RUNPATH_SEARCH_PATHS = "$(inherited) @executable_path/Frameworks";
				PRODUCT_BUNDLE_IDENTIFIER = "Huang-Pi-Ling.--";
				PRODUCT_NAME = "$(TARGET_NAME)";
				SWIFT_VERSION = 3.0;
			};
			name = Release;
		};
/* End XCBuildConfiguration section */

/* Begin XCConfigurationList section */
		BA2076D61E86815200873575 /* Build configuration list for PBXProject "期末" */ = {
			isa = XCConfigurationList;
			buildConfigurations = (
				BA2076EB1E86815200873575 /* Debug */,
				BA2076EC1E86815200873575 /* Release */,
			);
			defaultConfigurationIsVisible = 0;
			defaultConfigurationName = Release;
		};
		BA2076ED1E86815200873575 /* Build configuration list for PBXNativeTarget "期末" */ = {
			isa = XCConfigurationList;
			buildConfigurations = (
				BA2076EE1E86815200873575 /* Debug */,
				BA2076EF1E86815200873575 /* Release */,
			);
			defaultConfigurationIsVisible = 0;
		};
/* End XCConfigurationList section */
	};
	rootObject = BA2076D31E86815200873575 /* Project object */;
}
